
Microsoft Visual Studio Solution File, Format Version 12.00
# Visual Studio Version 16
VisualStudioVersion = 16.0.29911.84
MinimumVisualStudioVersion = 10.0.40219.1
Project("{8BC9CEB8-8B4A-11D0-8D11-00A0C91BC942}") = "Connect4_Keegan", "Connect4_Keegan.vcxproj", "{A002A194-EA6B-4ADB-9FAB-A44D1CA62E31}"
EndProject
Global
	GlobalSection(SolutionConfigurationPlatforms) = preSolution
		Debug|x64 = Debug|x64
		Debug|x86 = Debug|x86
		Release|x64 = Release|x64
		Release|x86 = Release|x86
	EndGlobalSection
	GlobalSection(ProjectConfigurationPlatforms) = postSolution
		{A002A194-EA6B-4ADB-9FAB-A44D1CA62E31}.Debug|x64.ActiveCfg = Debug|x64
		{A002A194-EA6B-4ADB-9FAB-A44D1CA62E31}.Debug|x64.Build.0 = Debug|x64
		{A002A194-EA6B-4ADB-9FAB-A44D1CA62E31}.Debug|x86.ActiveCfg = Debug|Win32
		{A002A194-EA6B-4ADB-9FAB-A44D1CA62E31}.Debug|x86.Build.0 = Debug|Win32
		{A002A194-EA6B-4ADB-9FAB-A44D1CA62E31}.Release|x64.ActiveCfg = Release|x64
		{A002A194-EA6B-4ADB-9FAB-A44D1CA62E31}.Release|x64.Build.0 = Release|x64
		{A002A194-EA6B-4ADB-9FAB-A44D1CA62E31}.Release|x86.ActiveCfg = Release|Win32
		{A002A194-EA6B-4ADB-9FAB-A44D1CA62E31}.Release|x86.Build.0 = Release|Win32
	EndGlobalSection
	GlobalSection(SolutionProperties) = preSolution
		HideSolutionNode = FALSE
	EndGlobalSection
	GlobalSection(ExtensibilityGlobals) = postSolution
		SolutionGuid = {12A481BB-5DF3-4CF8-B5F2-AC861BC3D2C9}
	EndGlobalSection
EndGlobal
